
Microsoft Visual Studio Solution File, Format Version 12.00
# Visual Studio 15
VisualStudioVersion = 15.0.28307.705
MinimumVisualStudioVersion = 10.0.40219.1
Project("{FAE04EC0-301F-11D3-BF4B-00C04F79EFBC}") = "C-Sharp-WebSocketClient", "C-Sharp-WebSocketClient\C-Sharp-WebSocketClient.csproj", "{463C6A1C-0D66-441E-8DC0-30B10DCC9176}"
EndProject
Global
	GlobalSection(SolutionConfigurationPlatforms) = preSolution
		Debug|Any CPU = Debug|Any CPU
		Release|Any CPU = Release|Any CPU
	EndGlobalSection
	GlobalSection(ProjectConfigurationPlatforms) = postSolution
		{463C6A1C-0D66-441E-8DC0-30B10DCC9176}.Debug|Any CPU.ActiveCfg = Debug|Any CPU
		{463C6A1C-0D66-441E-8DC0-30B10DCC9176}.Debug|Any CPU.Build.0 = Debug|Any CPU
		{463C6A1C-0D66-441E-8DC0-30B10DCC9176}.Release|Any CPU.ActiveCfg = Release|Any CPU
		{463C6A1C-0D66-441E-8DC0-30B10DCC9176}.Release|Any CPU.Build.0 = Release|Any CPU
	EndGlobalSection
	GlobalSection(SolutionProperties) = preSolution
		HideSolutionNode = FALSE
	EndGlobalSection
	GlobalSection(ExtensibilityGlobals) = postSolution
		SolutionGuid = {A07CB6FB-3ACB-44E9-AE78-0C37D2BCB0CD}
	EndGlobalSection
EndGlobal
